
Microsoft Visual Studio Solution File, Format Version 12.00
# Visual Studio Version 16
VisualStudioVersion = 16.0.31624.102
MinimumVisualStudioVersion = 10.0.40219.1
Project("{FAE04EC0-301F-11D3-BF4B-00C04F79EFBC}") = "Task_1", "Task_1\Task_1.csproj", "{1A53FBE4-58C1-4227-A946-5FBFE86E634F}"
EndProject
Project("{FAE04EC0-301F-11D3-BF4B-00C04F79EFBC}") = "Task_2", "Task_2\Task_2.csproj", "{8F6082A4-9150-4B6F-9521-5D9A166DDB59}"
EndProject
Global
	GlobalSection(SolutionConfigurationPlatforms) = preSolution
		Debug|Any CPU = Debug|Any CPU
		Release|Any CPU = Release|Any CPU
	EndGlobalSection
	GlobalSection(ProjectConfigurationPlatforms) = postSolution
		{1A53FBE4-58C1-4227-A946-5FBFE86E634F}.Debug|Any CPU.ActiveCfg = Debug|Any CPU
		{1A53FBE4-58C1-4227-A946-5FBFE86E634F}.Debug|Any CPU.Build.0 = Debug|Any CPU
		{1A53FBE4-58C1-4227-A946-5FBFE86E634F}.Release|Any CPU.ActiveCfg = Release|Any CPU
		{1A53FBE4-58C1-4227-A946-5FBFE86E634F}.Release|Any CPU.Build.0 = Release|Any CPU
		{8F6082A4-9150-4B6F-9521-5D9A166DDB59}.Debug|Any CPU.ActiveCfg = Debug|Any CPU
		{8F6082A4-9150-4B6F-9521-5D9A166DDB59}.Debug|Any CPU.Build.0 = Debug|Any CPU
		{8F6082A4-9150-4B6F-9521-5D9A166DDB59}.Release|Any CPU.ActiveCfg = Release|Any CPU
		{8F6082A4-9150-4B6F-9521-5D9A166DDB59}.Release|Any CPU.Build.0 = Release|Any CPU
	EndGlobalSection
	GlobalSection(SolutionProperties) = preSolution
		HideSolutionNode = FALSE
	EndGlobalSection
	GlobalSection(ExtensibilityGlobals) = postSolution
		SolutionGuid = {56E4630A-F30A-499B-BF2C-D9A9E3316E23}
	EndGlobalSection
EndGlobal
